
Microsoft Visual Studio Solution File, Format Version 12.00
# Visual Studio 15
VisualStudioVersion = 15.0.28010.2048
MinimumVisualStudioVersion = 10.0.40219.1
Project("{FAE04EC0-301F-11D3-BF4B-00C04F79EFBC}") = "PCAuto-ShutDown", "PCAuto-ShutDown\PCAuto-ShutDown.csproj", "{DFDBB5A2-20DD-492E-A924-28730B3FBBF9}"
EndProject
Global
	GlobalSection(SolutionConfigurationPlatforms) = preSolution
		Debug|Any CPU = Debug|Any CPU
		Release|Any CPU = Release|Any CPU
	EndGlobalSection
	GlobalSection(ProjectConfigurationPlatforms) = postSolution
		{DFDBB5A2-20DD-492E-A924-28730B3FBBF9}.Debug|Any CPU.ActiveCfg = Debug|Any CPU
		{DFDBB5A2-20DD-492E-A924-28730B3FBBF9}.Debug|Any CPU.Build.0 = Debug|Any CPU
		{DFDBB5A2-20DD-492E-A924-28730B3FBBF9}.Release|Any CPU.ActiveCfg = Release|Any CPU
		{DFDBB5A2-20DD-492E-A924-28730B3FBBF9}.Release|Any CPU.Build.0 = Release|Any CPU
	EndGlobalSection
	GlobalSection(SolutionProperties) = preSolution
		HideSolutionNode = FALSE
	EndGlobalSection
	GlobalSection(ExtensibilityGlobals) = postSolution
		SolutionGuid = {45B0EE08-6E4C-440A-8B62-F6AAF9704D15}
	EndGlobalSection
EndGlobal
